// !$*UTF8*$!
{
	archiveVersion = 1;
	classes = {
	};
	objectVersion = 48;
	objects = {

/* Begin PBXBuildFile section */
		102C032C214B6AC100262929 /* RKReadMenuView.m in Sources */ = {isa = PBXBuildFile; fileRef = 102C032B214B6AC100262929 /* RKReadMenuView.m */; };
		1037E448213E2A3100B5CF0E /* RKAlertMessage.m in Sources */ = {isa = PBXBuildFile; fileRef = 1037E447213E2A3100B5CF0E /* RKAlertMessage.m */; };
		1037E44B213E2A4200B5CF0E /* RKLoadingView.m in Sources */ = {isa = PBXBuildFile; fileRef = 1037E44A213E2A4200B5CF0E /* RKLoadingView.m */; };
		1037E44E213E2E8D00B5CF0E /* RKFileManager.m in Sources */ = {isa = PBXBuildFile; fileRef = 1037E44D213E2E8D00B5CF0E /* RKFileManager.m */; };
		1037E451213E39A200B5CF0E /* RKModel.m in Sources */ = {isa = PBXBuildFile; fileRef = 1037E450213E39A200B5CF0E /* RKModel.m */; };
		1037E454213E39D400B5CF0E /* RKBook.m in Sources */ = {isa = PBXBuildFile; fileRef = 1037E453213E39D400B5CF0E /* RKBook.m */; };
		1037E457213E5D2500B5CF0E /* RKImportViewController.m in Sources */ = {isa = PBXBuildFile; fileRef = 1037E456213E5D2500B5CF0E /* RKImportViewController.m */; };
		1037E459213E65DA00B5CF0E /* Assets.xcassets in Resources */ = {isa = PBXBuildFile; fileRef = 1037E458213E65DA00B5CF0E /* Assets.xcassets */; };
		1037E45C213E740900B5CF0E /* RKFile.m in Sources */ = {isa = PBXBuildFile; fileRef = 1037E45B213E740900B5CF0E /* RKFile.m */; };
		1037E45E213E79D400B5CF0E /* libz.tbd in Frameworks */ = {isa = PBXBuildFile; fileRef = 1037E45D213E79D300B5CF0E /* libz.tbd */; };
		1037E460213E7AD800B5CF0E /* libxml2.tbd in Frameworks */ = {isa = PBXBuildFile; fileRef = 1037E45F213E7AD800B5CF0E /* libxml2.tbd */; };
		1037E463213E7F8E00B5CF0E /* RKHomeListTableViewCell.m in Sources */ = {isa = PBXBuildFile; fileRef = 1037E462213E7F8E00B5CF0E /* RKHomeListTableViewCell.m */; };
		103A68E42140C14700F008C3 /* RKUserConfiguration.m in Sources */ = {isa = PBXBuildFile; fileRef = 103A68E32140C14700F008C3 /* RKUserConfiguration.m */; };
		103A68EA2140F98600F008C3 /* RKReadPageViewController.m in Sources */ = {isa = PBXBuildFile; fileRef = 103A68E92140F98600F008C3 /* RKReadPageViewController.m */; };
		103A68ED2140FDC900F008C3 /* RKReadViewController.m in Sources */ = {isa = PBXBuildFile; fileRef = 103A68EC2140FDC900F008C3 /* RKReadViewController.m */; };
		103A68F42141203700F008C3 /* RKReadView.m in Sources */ = {isa = PBXBuildFile; fileRef = 103A68F32141203700F008C3 /* RKReadView.m */; };
		103E0BB42147A67A002D2271 /* RKHomeListBooks.m in Sources */ = {isa = PBXBuildFile; fileRef = 103E0BB32147A67A002D2271 /* RKHomeListBooks.m */; };
		103E0BB7214A0A6B002D2271 /* RKBottomStatusBar.m in Sources */ = {isa = PBXBuildFile; fileRef = 103E0BB6214A0A6B002D2271 /* RKBottomStatusBar.m */; };
		108BCB8A2171F0F700D32ADA /* RKChaptersListView.m in Sources */ = {isa = PBXBuildFile; fileRef = 108BCB892171F0F700D32ADA /* RKChaptersListView.m */; };
		109C98BF213CE8DE0018DB5F /* AppDelegate.m in Sources */ = {isa = PBXBuildFile; fileRef = 109C98BE213CE8DE0018DB5F /* AppDelegate.m */; };
		109C98CD213CE8E00018DB5F /* main.m in Sources */ = {isa = PBXBuildFile; fileRef = 109C98CC213CE8E00018DB5F /* main.m */; };
		109C98DE213D0C840018DB5F /* RKViewController.m in Sources */ = {isa = PBXBuildFile; fileRef = 109C98DD213D0C840018DB5F /* RKViewController.m */; };
		109C98E1213D0CD30018DB5F /* RKNavigationViewController.m in Sources */ = {isa = PBXBuildFile; fileRef = 109C98E0213D0CD30018DB5F /* RKNavigationViewController.m */; };
		109C98E4213D0F0F0018DB5F /* RKBookListViewController.m in Sources */ = {isa = PBXBuildFile; fileRef = 109C98E3213D0F0F0018DB5F /* RKBookListViewController.m */; };
		109C98E7213D256F0018DB5F /* RKSetttingViewController.m in Sources */ = {isa = PBXBuildFile; fileRef = 109C98E6213D256F0018DB5F /* RKSetttingViewController.m */; };
		1A2D86532143AD230006421D /* RKBookChapter.m in Sources */ = {isa = PBXBuildFile; fileRef = 1A2D86522143AD230006421D /* RKBookChapter.m */; };
		1A2D86562144FC690006421D /* RKReadProgress.m in Sources */ = {isa = PBXBuildFile; fileRef = 1A2D86552144FC690006421D /* RKReadProgress.m */; };
		1A9F0C042172394E00F18FF4 /* Launch Screen.storyboard in Resources */ = {isa = PBXBuildFile; fileRef = 1A9F0C032172394E00F18FF4 /* Launch Screen.storyboard */; };
		810C9F6A9B719B7FDB95FC3C /* libPods-RKReader.a in Frameworks */ = {isa = PBXBuildFile; fileRef = B0C014EFFB5D7B1EA037773A /* libPods-RKReader.a */; };
/* End PBXBuildFile section */

/* Begin PBXFileReference section */
		102C032A214B6AC100262929 /* RKReadMenuView.h */ = {isa = PBXFileReference; lastKnownFileType = sourcecode.c.h; path = RKReadMenuView.h; sourceTree = "<group>"; };
		102C032B214B6AC100262929 /* RKReadMenuView.m */ = {isa = PBXFileReference; lastKnownFileType = sourcecode.c.objc; path = RKReadMenuView.m; sourceTree = "<group>"; };
		1037E446213E2A3100B5CF0E /* RKAlertMessage.h */ = {isa = PBXFileReference; lastKnownFileType = sourcecode.c.h; path = RKAlertMessage.h; sourceTree = "<group>"; };
		1037E447213E2A3100B5CF0E /* RKAlertMessage.m */ = {isa = PBXFileReference; lastKnownFileType = sourcecode.c.objc; path = RKAlertMessage.m; sourceTree = "<group>"; };
		1037E449213E2A4200B5CF0E /* RKLoadingView.h */ = {isa = PBXFileReference; lastKnownFileType = sourcecode.c.h; path = RKLoadingView.h; sourceTree = "<group>"; };
		1037E44A213E2A4200B5CF0E /* RKLoadingView.m */ = {isa = PBXFileReference; lastKnownFileType = sourcecode.c.objc; path = RKLoadingView.m; sourceTree = "<group>"; };
		1037E44C213E2E8D00B5CF0E /* RKFileManager.h */ = {isa = PBXFileReference; lastKnownFileType = sourcecode.c.h; path = RKFileManager.h; sourceTree = "<group>"; };
		1037E44D213E2E8D00B5CF0E /* RKFileManager.m */ = {isa = PBXFileReference; lastKnownFileType = sourcecode.c.objc; path = RKFileManager.m; sourceTree = "<group>"; };
		1037E44F213E39A200B5CF0E /* RKModel.h */ = {isa = PBXFileReference; lastKnownFileType = sourcecode.c.h; path = RKModel.h; sourceTree = "<group>"; };
		1037E450213E39A200B5CF0E /* RKModel.m */ = {isa = PBXFileReference; lastKnownFileType = sourcecode.c.objc; path = RKModel.m; sourceTree = "<group>"; };
		1037E452213E39D400B5CF0E /* RKBook.h */ = {isa = PBXFileReference; lastKnownFileType = sourcecode.c.h; path = RKBook.h; sourceTree = "<group>"; };
		1037E453213E39D400B5CF0E /* RKBook.m */ = {isa = PBXFileReference; lastKnownFileType = sourcecode.c.objc; path = RKBook.m; sourceTree = "<group>"; };
		1037E455213E5D2500B5CF0E /* RKImportViewController.h */ = {isa = PBXFileReference; lastKnownFileType = sourcecode.c.h; path = RKImportViewController.h; sourceTree = "<group>"; };
		1037E456213E5D2500B5CF0E /* RKImportViewController.m */ = {isa = PBXFileReference; lastKnownFileType = sourcecode.c.objc; path = RKImportViewController.m; sourceTree = "<group>"; };
		1037E458213E65DA00B5CF0E /* Assets.xcassets */ = {isa = PBXFileReference; lastKnownFileType = folder.assetcatalog; path = Assets.xcassets; sourceTree = "<group>"; };
		1037E45A213E740900B5CF0E /* RKFile.h */ = {isa = PBXFileReference; lastKnownFileType = sourcecode.c.h; path = RKFile.h; sourceTree = "<group>"; };
		1037E45B213E740900B5CF0E /* RKFile.m */ = {isa = PBXFileReference; lastKnownFileType = sourcecode.c.objc; path = RKFile.m; sourceTree = "<group>"; };
		1037E45D213E79D300B5CF0E /* libz.tbd */ = {isa = PBXFileReference; lastKnownFileType = "sourcecode.text-based-dylib-definition"; name = libz.tbd; path = usr/lib/libz.tbd; sourceTree = SDKROOT; };
		1037E45F213E7AD800B5CF0E /* libxml2.tbd */ = {isa = PBXFileReference; lastKnownFileType = "sourcecode.text-based-dylib-definition"; name = libxml2.tbd; path = usr/lib/libxml2.tbd; sourceTree = SDKROOT; };
		1037E461213E7F8E00B5CF0E /* RKHomeListTableViewCell.h */ = {isa = PBXFileReference; lastKnownFileType = sourcecode.c.h; path = RKHomeListTableViewCell.h; sourceTree = "<group>"; };
		1037E462213E7F8E00B5CF0E /* RKHomeListTableViewCell.m */ = {isa = PBXFileReference; lastKnownFileType = sourcecode.c.objc; path = RKHomeListTableViewCell.m; sourceTree = "<group>"; };
		103A68E22140C14700F008C3 /* RKUserConfiguration.h */ = {isa = PBXFileReference; lastKnownFileType = sourcecode.c.h; path = RKUserConfiguration.h; sourceTree = "<group>"; };
		103A68E32140C14700F008C3 /* RKUserConfiguration.m */ = {isa = PBXFileReference; lastKnownFileType = sourcecode.c.objc; path = RKUserConfiguration.m; sourceTree = "<group>"; };
		103A68E82140F98600F008C3 /* RKReadPageViewController.h */ = {isa = PBXFileReference; lastKnownFileType = sourcecode.c.h; path = RKReadPageViewController.h; sourceTree = "<group>"; };
		103A68E92140F98600F008C3 /* RKReadPageViewController.m */ = {isa = PBXFileReference; lastKnownFileType = sourcecode.c.objc; path = RKReadPageViewController.m; sourceTree = "<group>"; };
		103A68EB2140FDC900F008C3 /* RKReadViewController.h */ = {isa = PBXFileReference; lastKnownFileType = sourcecode.c.h; path = RKReadViewController.h; sourceTree = "<group>"; };
		103A68EC2140FDC900F008C3 /* RKReadViewController.m */ = {isa = PBXFileReference; lastKnownFileType = sourcecode.c.objc; path = RKReadViewController.m; sourceTree = "<group>"; };
		103A68F22141203700F008C3 /* RKReadView.h */ = {isa = PBXFileReference; lastKnownFileType = sourcecode.c.h; path = RKReadView.h; sourceTree = "<group>"; };
		103A68F32141203700F008C3 /* RKReadView.m */ = {isa = PBXFileReference; lastKnownFileType = sourcecode.c.objc; path = RKReadView.m; sourceTree = "<group>"; };
		103E0BB22147A67A002D2271 /* RKHomeListBooks.h */ = {isa = PBXFileReference; lastKnownFileType = sourcecode.c.h; path = RKHomeListBooks.h; sourceTree = "<group>"; };
		103E0BB32147A67A002D2271 /* RKHomeListBooks.m */ = {isa = PBXFileReference; lastKnownFileType = sourcecode.c.objc; path = RKHomeListBooks.m; sourceTree = "<group>"; };
		103E0BB5214A0A6B002D2271 /* RKBottomStatusBar.h */ = {isa = PBXFileReference; lastKnownFileType = sourcecode.c.h; path = RKBottomStatusBar.h; sourceTree = "<group>"; };
		103E0BB6214A0A6B002D2271 /* RKBottomStatusBar.m */ = {isa = PBXFileReference; lastKnownFileType = sourcecode.c.objc; path = RKBottomStatusBar.m; sourceTree = "<group>"; };
		108BCB882171F0F700D32ADA /* RKChaptersListView.h */ = {isa = PBXFileReference; lastKnownFileType = sourcecode.c.h; path = RKChaptersListView.h; sourceTree = "<group>"; };
		108BCB892171F0F700D32ADA /* RKChaptersListView.m */ = {isa = PBXFileReference; lastKnownFileType = sourcecode.c.objc; path = RKChaptersListView.m; sourceTree = "<group>"; };
		109C98BA213CE8DE0018DB5F /* RKReader.app */ = {isa = PBXFileReference; explicitFileType = wrapper.application; includeInIndex = 0; path = RKReader.app; sourceTree = BUILT_PRODUCTS_DIR; };
		109C98BD213CE8DE0018DB5F /* AppDelegate.h */ = {isa = PBXFileReference; lastKnownFileType = sourcecode.c.h; path = AppDelegate.h; sourceTree = "<group>"; };
		109C98BE213CE8DE0018DB5F /* AppDelegate.m */ = {isa = PBXFileReference; lastKnownFileType = sourcecode.c.objc; path = AppDelegate.m; sourceTree = "<group>"; };
		109C98CB213CE8E00018DB5F /* Info.plist */ = {isa = PBXFileReference; lastKnownFileType = text.plist.xml; path = Info.plist; sourceTree = "<group>"; };
		109C98CC213CE8E00018DB5F /* main.m */ = {isa = PBXFileReference; lastKnownFileType = sourcecode.c.objc; path = main.m; sourceTree = "<group>"; };
		109C98D9213CF4390018DB5F /* PrefixHeader.pch */ = {isa = PBXFileReference; lastKnownFileType = sourcecode.c.h; path = PrefixHeader.pch; sourceTree = "<group>"; };
		109C98DC213D0C840018DB5F /* RKViewController.h */ = {isa = PBXFileReference; lastKnownFileType = sourcecode.c.h; path = RKViewController.h; sourceTree = "<group>"; };
		109C98DD213D0C840018DB5F /* RKViewController.m */ = {isa = PBXFileReference; lastKnownFileType = sourcecode.c.objc; path = RKViewController.m; sourceTree = "<group>"; };
		109C98DF213D0CD30018DB5F /* RKNavigationViewController.h */ = {isa = PBXFileReference; lastKnownFileType = sourcecode.c.h; path = RKNavigationViewController.h; sourceTree = "<group>"; };
		109C98E0213D0CD30018DB5F /* RKNavigationViewController.m */ = {isa = PBXFileReference; lastKnownFileType = sourcecode.c.objc; path = RKNavigationViewController.m; sourceTree = "<group>"; };
		109C98E2213D0F0F0018DB5F /* RKBookListViewController.h */ = {isa = PBXFileReference; lastKnownFileType = sourcecode.c.h; path = RKBookListViewController.h; sourceTree = "<group>"; };
		109C98E3213D0F0F0018DB5F /* RKBookListViewController.m */ = {isa = PBXFileReference; lastKnownFileType = sourcecode.c.objc; path = RKBookListViewController.m; sourceTree = "<group>"; };
		109C98E5213D256F0018DB5F /* RKSetttingViewController.h */ = {isa = PBXFileReference; lastKnownFileType = sourcecode.c.h; path = RKSetttingViewController.h; sourceTree = "<group>"; };
		109C98E6213D256F0018DB5F /* RKSetttingViewController.m */ = {isa = PBXFileReference; lastKnownFileType = sourcecode.c.objc; path = RKSetttingViewController.m; sourceTree = "<group>"; };
		1A2D86512143AD230006421D /* RKBookChapter.h */ = {isa = PBXFileReference; lastKnownFileType = sourcecode.c.h; path = RKBookChapter.h; sourceTree = "<group>"; };
		1A2D86522143AD230006421D /* RKBookChapter.m */ = {isa = PBXFileReference; lastKnownFileType = sourcecode.c.objc; path = RKBookChapter.m; sourceTree = "<group>"; };
		1A2D86542144FC690006421D /* RKReadProgress.h */ = {isa = PBXFileReference; lastKnownFileType = sourcecode.c.h; path = RKReadProgress.h; sourceTree = "<group>"; };
		1A2D86552144FC690006421D /* RKReadProgress.m */ = {isa = PBXFileReference; lastKnownFileType = sourcecode.c.objc; path = RKReadProgress.m; sourceTree = "<group>"; };
		1A9F0C032172394E00F18FF4 /* Launch Screen.storyboard */ = {isa = PBXFileReference; lastKnownFileType = file.storyboard; path = "Launch Screen.storyboard"; sourceTree = "<group>"; };
		584FECB0ADA4C8B9FC6E2A9E /* Pods-RKReader.release.xcconfig */ = {isa = PBXFileReference; includeInIndex = 1; lastKnownFileType = text.xcconfig; name = "Pods-RKReader.release.xcconfig"; path = "Pods/Target Support Files/Pods-RKReader/Pods-RKReader.release.xcconfig"; sourceTree = "<group>"; };
		AFB11152EB9BB95938544CE8 /* Pods-RKReader.debug.xcconfig */ = {isa = PBXFileReference; includeInIndex = 1; lastKnownFileType = text.xcconfig; name = "Pods-RKReader.debug.xcconfig"; path = "Pods/Target Support Files/Pods-RKReader/Pods-RKReader.debug.xcconfig"; sourceTree = "<group>"; };
		B0C014EFFB5D7B1EA037773A /* libPods-RKReader.a */ = {isa = PBXFileReference; explicitFileType = archive.ar; includeInIndex = 0; path = "libPods-RKReader.a"; sourceTree = BUILT_PRODUCTS_DIR; };
/* End PBXFileReference section */

/* Begin PBXFrameworksBuildPhase section */
		109C98B7213CE8DE0018DB5F /* Frameworks */ = {
			isa = PBXFrameworksBuildPhase;
			buildActionMask = 2147483647;
			files = (
				1037E460213E7AD800B5CF0E /* libxml2.tbd in Frameworks */,
				1037E45E213E79D400B5CF0E /* libz.tbd in Frameworks */,
				810C9F6A9B719B7FDB95FC3C /* libPods-RKReader.a in Frameworks */,
			);
			runOnlyForDeploymentPostprocessing = 0;
		};
/* End PBXFrameworksBuildPhase section */

/* Begin PBXGroup section */
		1037E444213E29E300B5CF0E /* RKFileManager */ = {
			isa = PBXGroup;
			children = (
				1037E44C213E2E8D00B5CF0E /* RKFileManager.h */,
				1037E44D213E2E8D00B5CF0E /* RKFileManager.m */,
			);
			path = RKFileManager;
			sourceTree = "<group>";
		};
		1037E445213E2A0A00B5CF0E /* RKAlertMeassge */ = {
			isa = PBXGroup;
			children = (
				1037E446213E2A3100B5CF0E /* RKAlertMessage.h */,
				1037E447213E2A3100B5CF0E /* RKAlertMessage.m */,
				1037E449213E2A4200B5CF0E /* RKLoadingView.h */,
				1037E44A213E2A4200B5CF0E /* RKLoadingView.m */,
			);
			path = RKAlertMeassge;
			sourceTree = "<group>";
		};
		103A68E12140C11600F008C3 /* UserConfiguration */ = {
			isa = PBXGroup;
			children = (
				103A68E22140C14700F008C3 /* RKUserConfiguration.h */,
				103A68E32140C14700F008C3 /* RKUserConfiguration.m */,
			);
			path = UserConfiguration;
			sourceTree = "<group>";
		};
		103A68E52140F92300F008C3 /* Home */ = {
			isa = PBXGroup;
			children = (
				109C98E2213D0F0F0018DB5F /* RKBookListViewController.h */,
				109C98E3213D0F0F0018DB5F /* RKBookListViewController.m */,
			);
			path = Home;
			sourceTree = "<group>";
		};
		103A68E62140F93500F008C3 /* Setting */ = {
			isa = PBXGroup;
			children = (
				109C98E5213D256F0018DB5F /* RKSetttingViewController.h */,
				109C98E6213D256F0018DB5F /* RKSetttingViewController.m */,
				1037E455213E5D2500B5CF0E /* RKImportViewController.h */,
				1037E456213E5D2500B5CF0E /* RKImportViewController.m */,
			);
			path = Setting;
			sourceTree = "<group>";
		};
		103A68E72140F94200F008C3 /* Read */ = {
			isa = PBXGroup;
			children = (
				103A68E82140F98600F008C3 /* RKReadPageViewController.h */,
				103A68E92140F98600F008C3 /* RKReadPageViewController.m */,
				103A68EB2140FDC900F008C3 /* RKReadViewController.h */,
				103A68EC2140FDC900F008C3 /* RKReadViewController.m */,
			);
			path = Read;
			sourceTree = "<group>";
		};
		109C98B1213CE8DE0018DB5F = {
			isa = PBXGroup;
			children = (
				109C98BC213CE8DE0018DB5F /* RKReader */,
				109C98BB213CE8DE0018DB5F /* Products */,
				9AB68488A0147C63229FFDFE /* Pods */,
				B77768837B3246CE052EFECD /* Frameworks */,
			);
			sourceTree = "<group>";
		};
		109C98BB213CE8DE0018DB5F /* Products */ = {
			isa = PBXGroup;
			children = (
				109C98BA213CE8DE0018DB5F /* RKReader.app */,
			);
			name = Products;
			sourceTree = "<group>";
		};
		109C98BC213CE8DE0018DB5F /* RKReader */ = {
			isa = PBXGroup;
			children = (
				109C98DB213D0C6A0018DB5F /* Base */,
				109C98D5213CEC530018DB5F /* Models */,
				109C98D6213CEC5D0018DB5F /* Views */,
				109C98D7213CEC6E0018DB5F /* Controllers */,
				109C98DA213CF4460018DB5F /* Utills */,
				109C98D8213CEE3F0018DB5F /* Supporting Files */,
			);
			path = RKReader;
			sourceTree = "<group>";
		};
		109C98D5213CEC530018DB5F /* Models */ = {
			isa = PBXGroup;
			children = (
				1037E44F213E39A200B5CF0E /* RKModel.h */,
				1037E450213E39A200B5CF0E /* RKModel.m */,
				1037E45A213E740900B5CF0E /* RKFile.h */,
				1037E45B213E740900B5CF0E /* RKFile.m */,
				103E0BB22147A67A002D2271 /* RKHomeListBooks.h */,
				103E0BB32147A67A002D2271 /* RKHomeListBooks.m */,
				1037E452213E39D400B5CF0E /* RKBook.h */,
				1037E453213E39D400B5CF0E /* RKBook.m */,
				1A2D86512143AD230006421D /* RKBookChapter.h */,
				1A2D86522143AD230006421D /* RKBookChapter.m */,
				1A2D86542144FC690006421D /* RKReadProgress.h */,
				1A2D86552144FC690006421D /* RKReadProgress.m */,
			);
			path = Models;
			sourceTree = "<group>";
		};
		109C98D6213CEC5D0018DB5F /* Views */ = {
			isa = PBXGroup;
			children = (
				1037E461213E7F8E00B5CF0E /* RKHomeListTableViewCell.h */,
				1037E462213E7F8E00B5CF0E /* RKHomeListTableViewCell.m */,
				103A68F22141203700F008C3 /* RKReadView.h */,
				103A68F32141203700F008C3 /* RKReadView.m */,
				103E0BB5214A0A6B002D2271 /* RKBottomStatusBar.h */,
				103E0BB6214A0A6B002D2271 /* RKBottomStatusBar.m */,
				102C032A214B6AC100262929 /* RKReadMenuView.h */,
				102C032B214B6AC100262929 /* RKReadMenuView.m */,
				108BCB882171F0F700D32ADA /* RKChaptersListView.h */,
				108BCB892171F0F700D32ADA /* RKChaptersListView.m */,
			);
			path = Views;
			sourceTree = "<group>";
		};
		109C98D7213CEC6E0018DB5F /* Controllers */ = {
			isa = PBXGroup;
			children = (
				103A68E52140F92300F008C3 /* Home */,
				103A68E72140F94200F008C3 /* Read */,
				103A68E62140F93500F008C3 /* Setting */,
			);
			path = Controllers;
			sourceTree = "<group>";
		};
		109C98D8213CEE3F0018DB5F /* Supporting Files */ = {
			isa = PBXGroup;
			children = (
				1037E458213E65DA00B5CF0E /* Assets.xcassets */,
				109C98D9213CF4390018DB5F /* PrefixHeader.pch */,
				109C98BD213CE8DE0018DB5F /* AppDelegate.h */,
				109C98BE213CE8DE0018DB5F /* AppDelegate.m */,
				1A9F0C032172394E00F18FF4 /* Launch Screen.storyboard */,
				109C98CB213CE8E00018DB5F /* Info.plist */,
				109C98CC213CE8E00018DB5F /* main.m */,
			);
			path = "Supporting Files";
			sourceTree = "<group>";
		};
		109C98DA213CF4460018DB5F /* Utills */ = {
			isa = PBXGroup;
			children = (
				1037E444213E29E300B5CF0E /* RKFileManager */,
				103A68E12140C11600F008C3 /* UserConfiguration */,
				1037E445213E2A0A00B5CF0E /* RKAlertMeassge */,
			);
			path = Utills;
			sourceTree = "<group>";
		};
		109C98DB213D0C6A0018DB5F /* Base */ = {
			isa = PBXGroup;
			children = (
				109C98DC213D0C840018DB5F /* RKViewController.h */,
				109C98DD213D0C840018DB5F /* RKViewController.m */,
				109C98DF213D0CD30018DB5F /* RKNavigationViewController.h */,
				109C98E0213D0CD30018DB5F /* RKNavigationViewController.m */,
			);
			path = Base;
			sourceTree = "<group>";
		};
		9AB68488A0147C63229FFDFE /* Pods */ = {
			isa = PBXGroup;
			children = (
				AFB11152EB9BB95938544CE8 /* Pods-RKReader.debug.xcconfig */,
				584FECB0ADA4C8B9FC6E2A9E /* Pods-RKReader.release.xcconfig */,
			);
			name = Pods;
			sourceTree = "<group>";
		};
		B77768837B3246CE052EFECD /* Frameworks */ = {
			isa = PBXGroup;
			children = (
				1037E45F213E7AD800B5CF0E /* libxml2.tbd */,
				1037E45D213E79D300B5CF0E /* libz.tbd */,
				B0C014EFFB5D7B1EA037773A /* libPods-RKReader.a */,
			);
			name = Frameworks;
			sourceTree = "<group>";
		};
/* End PBXGroup section */

/* Begin PBXNativeTarget section */
		109C98B9213CE8DE0018DB5F /* RKReader */ = {
			isa = PBXNativeTarget;
			buildConfigurationList = 109C98D0213CE8E00018DB5F /* Build configuration list for PBXNativeTarget "RKReader" */;
			buildPhases = (
				73B5631D4988E5C4624394DA /* [CP] Check Pods Manifest.lock */,
				109C98B6213CE8DE0018DB5F /* Sources */,
				109C98B7213CE8DE0018DB5F /* Frameworks */,
				109C98B8213CE8DE0018DB5F /* Resources */,
				50AFEC506B717EED2A084318 /* [CP] Copy Pods Resources */,
				56BA18641DBC376DF829C6FA /* [CP] Embed Pods Frameworks */,
			);
			buildRules = (
			);
			dependencies = (
			);
			name = RKReader;
			productName = RKReader;
			productReference = 109C98BA213CE8DE0018DB5F /* RKReader.app */;
			productType = "com.apple.product-type.application";
		};
/* End PBXNativeTarget section */

/* Begin PBXProject section */
		109C98B2213CE8DE0018DB5F /* Project object */ = {
			isa = PBXProject;
			attributes = {
				CLASSPREFIX = RK;
				LastUpgradeCheck = 0940;
				ORGANIZATIONNAME = Rzk;
				TargetAttributes = {
					109C98B9213CE8DE0018DB5F = {
						CreatedOnToolsVersion = 9.4;
						ProvisioningStyle = Automatic;
					};
				};
			};
			buildConfigurationList = 109C98B5213CE8DE0018DB5F /* Build configuration list for PBXProject "RKReader" */;
			compatibilityVersion = "Xcode 8.0";
			developmentRegion = en;
			hasScannedForEncodings = 0;
			knownRegions = (
				en,
				Base,
			);
			mainGroup = 109C98B1213CE8DE0018DB5F;
			productRefGroup = 109C98BB213CE8DE0018DB5F /* Products */;
			projectDirPath = "";
			projectRoot = "";
			targets = (
				109C98B9213CE8DE0018DB5F /* RKReader */,
			);
		};
/* End PBXProject section */

/* Begin PBXResourcesBuildPhase section */
		109C98B8213CE8DE0018DB5F /* Resources */ = {
			isa = PBXResourcesBuildPhase;
			buildActionMask = 2147483647;
			files = (
				1A9F0C042172394E00F18FF4 /* Launch Screen.storyboard in Resources */,
				1037E459213E65DA00B5CF0E /* Assets.xcassets in Resources */,
			);
			runOnlyForDeploymentPostprocessing = 0;
		};
/* End PBXResourcesBuildPhase section */

/* Begin PBXShellScriptBuildPhase section */
		50AFEC506B717EED2A084318 /* [CP] Copy Pods Resources */ = {
			isa = PBXShellScriptBuildPhase;
			buildActionMask = 2147483647;
			files = (
			);
			inputPaths = (
				"${SRCROOT}/Pods/Target Support Files/Pods-RKReader/Pods-RKReader-resources.sh",
				"${PODS_ROOT}/GCDWebServer/GCDWebUploader/GCDWebUploader.bundle",
			);
			name = "[CP] Copy Pods Resources";
			outputPaths = (
				"${TARGET_BUILD_DIR}/${UNLOCALIZED_RESOURCES_FOLDER_PATH}/GCDWebUploader.bundle",
			);
			runOnlyForDeploymentPostprocessing = 0;
			shellPath = /bin/sh;
			shellScript = "\"${SRCROOT}/Pods/Target Support Files/Pods-RKReader/Pods-RKReader-resources.sh\"\n";
			showEnvVarsInLog = 0;
		};
		56BA18641DBC376DF829C6FA /* [CP] Embed Pods Frameworks */ = {
			isa = PBXShellScriptBuildPhase;
			buildActionMask = 2147483647;
			files = (
			);
			inputPaths = (
			);
			name = "[CP] Embed Pods Frameworks";
			outputPaths = (
			);
			runOnlyForDeploymentPostprocessing = 0;
			shellPath = /bin/sh;
			shellScript = "\"${SRCROOT}/Pods/Target Support Files/Pods-RKReader/Pods-RKReader-frameworks.sh\"\n";
			showEnvVarsInLog = 0;
		};
		73B5631D4988E5C4624394DA /* [CP] Check Pods Manifest.lock */ = {
			isa = PBXShellScriptBuildPhase;
			buildActionMask = 2147483647;
			files = (
			);
			inputPaths = (
				"${PODS_PODFILE_DIR_PATH}/Podfile.lock",
				"${PODS_ROOT}/Manifest.lock",
			);
			name = "[CP] Check Pods Manifest.lock";
			outputPaths = (
				"$(DERIVED_FILE_DIR)/Pods-RKReader-checkManifestLockResult.txt",
			);
			runOnlyForDeploymentPostprocessing = 0;
			shellPath = /bin/sh;
			shellScript = "diff \"${PODS_PODFILE_DIR_PATH}/Podfile.lock\" \"${PODS_ROOT}/Manifest.lock\" > /dev/null\nif [ $? != 0 ] ; then\n    # print error to STDERR\n    echo \"error: The sandbox is not in sync with the Podfile.lock. Run 'pod install' or update your CocoaPods installation.\" >&2\n    exit 1\nfi\n# This output is used by Xcode 'outputs' to avoid re-running this script phase.\necho \"SUCCESS\" > \"${SCRIPT_OUTPUT_FILE_0}\"\n";
			showEnvVarsInLog = 0;
		};
/* End PBXShellScriptBuildPhase section */

/* Begin PBXSourcesBuildPhase section */
		109C98B6213CE8DE0018DB5F /* Sources */ = {
			isa = PBXSourcesBuildPhase;
			buildActionMask = 2147483647;
			files = (
				1037E44B213E2A4200B5CF0E /* RKLoadingView.m in Sources */,
				109C98E4213D0F0F0018DB5F /* RKBookListViewController.m in Sources */,
				109C98DE213D0C840018DB5F /* RKViewController.m in Sources */,
				102C032C214B6AC100262929 /* RKReadMenuView.m in Sources */,
				1037E44E213E2E8D00B5CF0E /* RKFileManager.m in Sources */,
				103A68ED2140FDC900F008C3 /* RKReadViewController.m in Sources */,
				1037E448213E2A3100B5CF0E /* RKAlertMessage.m in Sources */,
				109C98CD213CE8E00018DB5F /* main.m in Sources */,
				1037E451213E39A200B5CF0E /* RKModel.m in Sources */,
				109C98BF213CE8DE0018DB5F /* AppDelegate.m in Sources */,
				1A2D86562144FC690006421D /* RKReadProgress.m in Sources */,
				108BCB8A2171F0F700D32ADA /* RKChaptersListView.m in Sources */,
				1037E454213E39D400B5CF0E /* RKBook.m in Sources */,
				103E0BB42147A67A002D2271 /* RKHomeListBooks.m in Sources */,
				109C98E1213D0CD30018DB5F /* RKNavigationViewController.m in Sources */,
				103A68EA2140F98600F008C3 /* RKReadPageViewController.m in Sources */,
				1037E457213E5D2500B5CF0E /* RKImportViewController.m in Sources */,
				103A68E42140C14700F008C3 /* RKUserConfiguration.m in Sources */,
				103E0BB7214A0A6B002D2271 /* RKBottomStatusBar.m in Sources */,
				1037E45C213E740900B5CF0E /* RKFile.m in Sources */,
				1A2D86532143AD230006421D /* RKBookChapter.m in Sources */,
				109C98E7213D256F0018DB5F /* RKSetttingViewController.m in Sources */,
				1037E463213E7F8E00B5CF0E /* RKHomeListTableViewCell.m in Sources */,
				103A68F42141203700F008C3 /* RKReadView.m in Sources */,
			);
			runOnlyForDeploymentPostprocessing = 0;
		};
/* End PBXSourcesBuildPhase section */

/* Begin XCBuildConfiguration section */
		109C98CE213CE8E00018DB5F /* Debug */ = {
			isa = XCBuildConfiguration;
			buildSettings = {
				ALWAYS_SEARCH_USER_PATHS = NO;
				CLANG_ANALYZER_NONNULL = YES;
				CLANG_ANALYZER_NUMBER_OBJECT_CONVERSION = YES_AGGRESSIVE;
				CLANG_CXX_LANGUAGE_STANDARD = "gnu++14";
				CLANG_CXX_LIBRARY = "libc++";
				CLANG_ENABLE_MODULES = YES;
				CLANG_ENABLE_OBJC_ARC = YES;
				CLANG_ENABLE_OBJC_WEAK = YES;
				CLANG_WARN_BLOCK_CAPTURE_AUTORELEASING = YES;
				CLANG_WARN_BOOL_CONVERSION = YES;
				CLANG_WARN_COMMA = YES;
				CLANG_WARN_CONSTANT_CONVERSION = YES;
				CLANG_WARN_DEPRECATED_OBJC_IMPLEMENTATIONS = YES;
				CLANG_WARN_DIRECT_OBJC_ISA_USAGE = YES_ERROR;
				CLANG_WARN_DOCUMENTATION_COMMENTS = YES;
				CLANG_WARN_EMPTY_BODY = YES;
				CLANG_WARN_ENUM_CONVERSION = YES;
				CLANG_WARN_INFINITE_RECURSION = YES;
				CLANG_WARN_INT_CONVERSION = YES;
				CLANG_WARN_NON_LITERAL_NULL_CONVERSION = YES;
				CLANG_WARN_OBJC_IMPLICIT_RETAIN_SELF = YES;
				CLANG_WARN_OBJC_LITERAL_CONVERSION = YES;
				CLANG_WARN_OBJC_ROOT_CLASS = YES_ERROR;
				CLANG_WARN_RANGE_LOOP_ANALYSIS = YES;
				CLANG_WARN_STRICT_PROTOTYPES = YES;
				CLANG_WARN_SUSPICIOUS_MOVE = YES;
				CLANG_WARN_UNGUARDED_AVAILABILITY = YES_AGGRESSIVE;
				CLANG_WARN_UNREACHABLE_CODE = YES;
				CLANG_WARN__DUPLICATE_METHOD_MATCH = YES;
				CODE_SIGN_IDENTITY = "iPhone Developer";
				COPY_PHASE_STRIP = NO;
				DEBUG_INFORMATION_FORMAT = dwarf;
				ENABLE_STRICT_OBJC_MSGSEND = YES;
				ENABLE_TESTABILITY = YES;
				GCC_C_LANGUAGE_STANDARD = gnu11;
				GCC_DYNAMIC_NO_PIC = NO;
				GCC_NO_COMMON_BLOCKS = YES;
				GCC_OPTIMIZATION_LEVEL = 0;
				GCC_PREPROCESSOR_DEFINITIONS = (
					"DEBUG=1",
					"$(inherited)",
				);
				GCC_WARN_64_TO_32_BIT_CONVERSION = YES;
				GCC_WARN_ABOUT_RETURN_TYPE = YES_ERROR;
				GCC_WARN_UNDECLARED_SELECTOR = YES;
				GCC_WARN_UNINITIALIZED_AUTOS = YES_AGGRESSIVE;
				GCC_WARN_UNUSED_FUNCTION = YES;
				GCC_WARN_UNUSED_VARIABLE = YES;
				IPHONEOS_DEPLOYMENT_TARGET = 11.4;
				MTL_ENABLE_DEBUG_INFO = YES;
				ONLY_ACTIVE_ARCH = YES;
				SDKROOT = iphoneos;
			};
			name = Debug;
		};
		109C98CF213CE8E00018DB5F /* Release */ = {
			isa = XCBuildConfiguration;
			buildSettings = {
				ALWAYS_SEARCH_USER_PATHS = NO;
				CLANG_ANALYZER_NONNULL = YES;
				CLANG_ANALYZER_NUMBER_OBJECT_CONVERSION = YES_AGGRESSIVE;
				CLANG_CXX_LANGUAGE_STANDARD = "gnu++14";
				CLANG_CXX_LIBRARY = "libc++";
				CLANG_ENABLE_MODULES = YES;
				CLANG_ENABLE_OBJC_ARC = YES;
				CLANG_ENABLE_OBJC_WEAK = YES;
				CLANG_WARN_BLOCK_CAPTURE_AUTORELEASING = YES;
				CLANG_WARN_BOOL_CONVERSION = YES;
				CLANG_WARN_COMMA = YES;
				CLANG_WARN_CONSTANT_CONVERSION = YES;
				CLANG_WARN_DEPRECATED_OBJC_IMPLEMENTATIONS = YES;
				CLANG_WARN_DIRECT_OBJC_ISA_USAGE = YES_ERROR;
				CLANG_WARN_DOCUMENTATION_COMMENTS = YES;
				CLANG_WARN_EMPTY_BODY = YES;
				CLANG_WARN_ENUM_CONVERSION = YES;
				CLANG_WARN_INFINITE_RECURSION = YES;
				CLANG_WARN_INT_CONVERSION = YES;
				CLANG_WARN_NON_LITERAL_NULL_CONVERSION = YES;
				CLANG_WARN_OBJC_IMPLICIT_RETAIN_SELF = YES;
				CLANG_WARN_OBJC_LITERAL_CONVERSION = YES;
				CLANG_WARN_OBJC_ROOT_CLASS = YES_ERROR;
				CLANG_WARN_RANGE_LOOP_ANALYSIS = YES;
				CLANG_WARN_STRICT_PROTOTYPES = YES;
				CLANG_WARN_SUSPICIOUS_MOVE = YES;
				CLANG_WARN_UNGUARDED_AVAILABILITY = YES_AGGRESSIVE;
				CLANG_WARN_UNREACHABLE_CODE = YES;
				CLANG_WARN__DUPLICATE_METHOD_MATCH = YES;
				CODE_SIGN_IDENTITY = "iPhone Developer";
				COPY_PHASE_STRIP = NO;
				DEBUG_INFORMATION_FORMAT = "dwarf-with-dsym";
				ENABLE_NS_ASSERTIONS = NO;
				ENABLE_STRICT_OBJC_MSGSEND = YES;
				GCC_C_LANGUAGE_STANDARD = gnu11;
				GCC_NO_COMMON_BLOCKS = YES;
				GCC_WARN_64_TO_32_BIT_CONVERSION = YES;
				GCC_WARN_ABOUT_RETURN_TYPE = YES_ERROR;
				GCC_WARN_UNDECLARED_SELECTOR = YES;
				GCC_WARN_UNINITIALIZED_AUTOS = YES_AGGRESSIVE;
				GCC_WARN_UNUSED_FUNCTION = YES;
				GCC_WARN_UNUSED_VARIABLE = YES;
				IPHONEOS_DEPLOYMENT_TARGET = 11.4;
				MTL_ENABLE_DEBUG_INFO = NO;
				SDKROOT = iphoneos;
				VALIDATE_PRODUCT = YES;
			};
			name = Release;
		};
		109C98D1213CE8E00018DB5F /* Debug */ = {
			isa = XCBuildConfiguration;
			baseConfigurationReference = AFB11152EB9BB95938544CE8 /* Pods-RKReader.debug.xcconfig */;
			buildSettings = {
				ASSETCATALOG_COMPILER_APPICON_NAME = AppIcon;
<<<<<<< HEAD
				ASSETCATALOG_COMPILER_LAUNCHIMAGE_NAME = LaunchImage;
=======
>>>>>>> NewIdeas
				CODE_SIGN_IDENTITY = "iPhone Developer";
				"CODE_SIGN_IDENTITY[sdk=iphoneos*]" = "iPhone Developer";
				CODE_SIGN_STYLE = Automatic;
				DEVELOPMENT_TEAM = 2MC8B96QW9;
				GCC_PREFIX_HEADER = "$(SRCROOT)/$(PROJECT_NAME)/Supporting Files/PrefixHeader.pch";
				HEADER_SEARCH_PATHS = (
					"$(inherited)",
					"\"${PODS_ROOT}/Headers/Public\"",
					"\"${PODS_ROOT}/Headers/Public/GCDWebServer\"",
					"\"${PODS_ROOT}/Headers/Public/MBProgressHUD\"",
					"\"${PODS_ROOT}/Headers/Public/R_category\"",
					"$(SDKROOT)/usr/include/libxml2",
				);
				INFOPLIST_FILE = "RKReader/Supporting Files/Info.plist";
				IPHONEOS_DEPLOYMENT_TARGET = 8.0;
				LD_RUNPATH_SEARCH_PATHS = "$(inherited) @executable_path/Frameworks";
				PRODUCT_BUNDLE_IDENTIFIER = micsoft.RKReader;
				PRODUCT_NAME = "$(TARGET_NAME)";
				PROVISIONING_PROFILE = "";
				PROVISIONING_PROFILE_SPECIFIER = "";
				TARGETED_DEVICE_FAMILY = "1,2";
			};
			name = Debug;
		};
		109C98D2213CE8E00018DB5F /* Release */ = {
			isa = XCBuildConfiguration;
			baseConfigurationReference = 584FECB0ADA4C8B9FC6E2A9E /* Pods-RKReader.release.xcconfig */;
			buildSettings = {
				ASSETCATALOG_COMPILER_APPICON_NAME = AppIcon;
<<<<<<< HEAD
				ASSETCATALOG_COMPILER_LAUNCHIMAGE_NAME = LaunchImage;
=======
>>>>>>> NewIdeas
				CODE_SIGN_IDENTITY = "iPhone Developer";
				"CODE_SIGN_IDENTITY[sdk=iphoneos*]" = "iPhone Developer";
				CODE_SIGN_STYLE = Automatic;
				DEVELOPMENT_TEAM = 2MC8B96QW9;
				GCC_PREFIX_HEADER = "$(SRCROOT)/$(PROJECT_NAME)/Supporting Files/PrefixHeader.pch";
				HEADER_SEARCH_PATHS = (
					"$(inherited)",
					"\"${PODS_ROOT}/Headers/Public\"",
					"\"${PODS_ROOT}/Headers/Public/GCDWebServer\"",
					"\"${PODS_ROOT}/Headers/Public/MBProgressHUD\"",
					"\"${PODS_ROOT}/Headers/Public/R_category\"",
					"$(SDKROOT)/usr/include/libxml2",
				);
				INFOPLIST_FILE = "RKReader/Supporting Files/Info.plist";
				IPHONEOS_DEPLOYMENT_TARGET = 8.0;
				LD_RUNPATH_SEARCH_PATHS = "$(inherited) @executable_path/Frameworks";
				PRODUCT_BUNDLE_IDENTIFIER = micsoft.RKReader;
				PRODUCT_NAME = "$(TARGET_NAME)";
				PROVISIONING_PROFILE = "";
				PROVISIONING_PROFILE_SPECIFIER = "";
				TARGETED_DEVICE_FAMILY = "1,2";
			};
			name = Release;
		};
/* End XCBuildConfiguration section */

/* Begin XCConfigurationList section */
		109C98B5213CE8DE0018DB5F /* Build configuration list for PBXProject "RKReader" */ = {
			isa = XCConfigurationList;
			buildConfigurations = (
				109C98CE213CE8E00018DB5F /* Debug */,
				109C98CF213CE8E00018DB5F /* Release */,
			);
			defaultConfigurationIsVisible = 0;
			defaultConfigurationName = Release;
		};
		109C98D0213CE8E00018DB5F /* Build configuration list for PBXNativeTarget "RKReader" */ = {
			isa = XCConfigurationList;
			buildConfigurations = (
				109C98D1213CE8E00018DB5F /* Debug */,
				109C98D2213CE8E00018DB5F /* Release */,
			);
			defaultConfigurationIsVisible = 0;
			defaultConfigurationName = Release;
		};
/* End XCConfigurationList section */
	};
	rootObject = 109C98B2213CE8DE0018DB5F /* Project object */;
}
