// !$*UTF8*$!
{
	archiveVersion = 1;
	classes = {
	};
	objectVersion = 50;
	objects = {

/* Begin PBXBuildFile section */
		1A038E20226B047C00A42CA2 /* AppDelegate.m in Sources */ = {isa = PBXBuildFile; fileRef = 1A038E1F226B047C00A42CA2 /* AppDelegate.m */; };
		1A038E28226B047D00A42CA2 /* Assets.xcassets in Resources */ = {isa = PBXBuildFile; fileRef = 1A038E27226B047D00A42CA2 /* Assets.xcassets */; };
		1A038E2B226B047D00A42CA2 /* LaunchScreen.storyboard in Resources */ = {isa = PBXBuildFile; fileRef = 1A038E29226B047D00A42CA2 /* LaunchScreen.storyboard */; };
		1A038E2E226B047D00A42CA2 /* main.m in Sources */ = {isa = PBXBuildFile; fileRef = 1A038E2D226B047D00A42CA2 /* main.m */; };
		1A038E3D226B064D00A42CA2 /* RKNavigationController.m in Sources */ = {isa = PBXBuildFile; fileRef = 1A038E3C226B064D00A42CA2 /* RKNavigationController.m */; };
		1A038E40226B06B300A42CA2 /* RKViewController.m in Sources */ = {isa = PBXBuildFile; fileRef = 1A038E3F226B06B300A42CA2 /* RKViewController.m */; };
		1A038E44226B096B00A42CA2 /* RKBookListViewController.m in Sources */ = {isa = PBXBuildFile; fileRef = 1A038E43226B096B00A42CA2 /* RKBookListViewController.m */; };
		568505276CCC56CBDE1E07A2 /* libPods-Reader.a in Frameworks */ = {isa = PBXBuildFile; fileRef = 98365BC159F8701AF5891D85 /* libPods-Reader.a */; };
/* End PBXBuildFile section */

/* Begin PBXFileReference section */
		1A038E1B226B047C00A42CA2 /* Reader.app */ = {isa = PBXFileReference; explicitFileType = wrapper.application; includeInIndex = 0; path = Reader.app; sourceTree = BUILT_PRODUCTS_DIR; };
		1A038E1E226B047C00A42CA2 /* AppDelegate.h */ = {isa = PBXFileReference; lastKnownFileType = sourcecode.c.h; path = AppDelegate.h; sourceTree = "<group>"; };
		1A038E1F226B047C00A42CA2 /* AppDelegate.m */ = {isa = PBXFileReference; lastKnownFileType = sourcecode.c.objc; path = AppDelegate.m; sourceTree = "<group>"; };
		1A038E27226B047D00A42CA2 /* Assets.xcassets */ = {isa = PBXFileReference; lastKnownFileType = folder.assetcatalog; path = Assets.xcassets; sourceTree = "<group>"; };
		1A038E2A226B047D00A42CA2 /* Base */ = {isa = PBXFileReference; lastKnownFileType = file.storyboard; name = Base; path = Base.lproj/LaunchScreen.storyboard; sourceTree = "<group>"; };
		1A038E2C226B047D00A42CA2 /* Info.plist */ = {isa = PBXFileReference; lastKnownFileType = text.plist.xml; path = Info.plist; sourceTree = "<group>"; };
		1A038E2D226B047D00A42CA2 /* main.m */ = {isa = PBXFileReference; lastKnownFileType = sourcecode.c.objc; path = main.m; sourceTree = "<group>"; };
		1A038E3B226B064D00A42CA2 /* RKNavigationController.h */ = {isa = PBXFileReference; lastKnownFileType = sourcecode.c.h; path = RKNavigationController.h; sourceTree = "<group>"; };
		1A038E3C226B064D00A42CA2 /* RKNavigationController.m */ = {isa = PBXFileReference; lastKnownFileType = sourcecode.c.objc; path = RKNavigationController.m; sourceTree = "<group>"; };
		1A038E3E226B06B300A42CA2 /* RKViewController.h */ = {isa = PBXFileReference; lastKnownFileType = sourcecode.c.h; path = RKViewController.h; sourceTree = "<group>"; };
		1A038E3F226B06B300A42CA2 /* RKViewController.m */ = {isa = PBXFileReference; lastKnownFileType = sourcecode.c.objc; path = RKViewController.m; sourceTree = "<group>"; };
		1A038E41226B070400A42CA2 /* PrefixHeader.pch */ = {isa = PBXFileReference; lastKnownFileType = sourcecode.c.h; path = PrefixHeader.pch; sourceTree = "<group>"; };
		1A038E42226B096B00A42CA2 /* RKBookListViewController.h */ = {isa = PBXFileReference; lastKnownFileType = sourcecode.c.h; path = RKBookListViewController.h; sourceTree = "<group>"; };
		1A038E43226B096B00A42CA2 /* RKBookListViewController.m */ = {isa = PBXFileReference; lastKnownFileType = sourcecode.c.objc; path = RKBookListViewController.m; sourceTree = "<group>"; };
		33A1B59BBA1219AE69AF7F54 /* Pods-Reader.release.xcconfig */ = {isa = PBXFileReference; includeInIndex = 1; lastKnownFileType = text.xcconfig; name = "Pods-Reader.release.xcconfig"; path = "Pods/Target Support Files/Pods-Reader/Pods-Reader.release.xcconfig"; sourceTree = "<group>"; };
		98365BC159F8701AF5891D85 /* libPods-Reader.a */ = {isa = PBXFileReference; explicitFileType = archive.ar; includeInIndex = 0; path = "libPods-Reader.a"; sourceTree = BUILT_PRODUCTS_DIR; };
		CEBBFC15CB9DD9F7F62BD7CF /* Pods-Reader.debug.xcconfig */ = {isa = PBXFileReference; includeInIndex = 1; lastKnownFileType = text.xcconfig; name = "Pods-Reader.debug.xcconfig"; path = "Pods/Target Support Files/Pods-Reader/Pods-Reader.debug.xcconfig"; sourceTree = "<group>"; };
/* End PBXFileReference section */

/* Begin PBXFrameworksBuildPhase section */
		1A038E18226B047C00A42CA2 /* Frameworks */ = {
			isa = PBXFrameworksBuildPhase;
			buildActionMask = 2147483647;
			files = (
				568505276CCC56CBDE1E07A2 /* libPods-Reader.a in Frameworks */,
			);
			runOnlyForDeploymentPostprocessing = 0;
		};
/* End PBXFrameworksBuildPhase section */

/* Begin PBXGroup section */
		1A038E12226B047C00A42CA2 = {
			isa = PBXGroup;
			children = (
				1A038E1D226B047C00A42CA2 /* Reader */,
				1A038E1C226B047C00A42CA2 /* Products */,
				E6DFC3EE4A4B8AF492CD0524 /* Pods */,
				74B4C7E47940AF72C9AF4A70 /* Frameworks */,
			);
			sourceTree = "<group>";
		};
		1A038E1C226B047C00A42CA2 /* Products */ = {
			isa = PBXGroup;
			children = (
				1A038E1B226B047C00A42CA2 /* Reader.app */,
			);
			name = Products;
			sourceTree = "<group>";
		};
		1A038E1D226B047C00A42CA2 /* Reader */ = {
			isa = PBXGroup;
			children = (
				1A038E3A226B061E00A42CA2 /* Base */,
				1A038E36226B05A800A42CA2 /* Models */,
				1A038E37226B05D000A42CA2 /* Views */,
				1A038E38226B05DC00A42CA2 /* Controllers */,
				1A038E39226B05E700A42CA2 /* Utills */,
				1A038E34226B056B00A42CA2 /* Supporting Files */,
			);
			path = Reader;
			sourceTree = "<group>";
		};
		1A038E34226B056B00A42CA2 /* Supporting Files */ = {
			isa = PBXGroup;
			children = (
				1A038E2D226B047D00A42CA2 /* main.m */,
				1A038E1E226B047C00A42CA2 /* AppDelegate.h */,
				1A038E1F226B047C00A42CA2 /* AppDelegate.m */,
				1A038E41226B070400A42CA2 /* PrefixHeader.pch */,
				1A038E27226B047D00A42CA2 /* Assets.xcassets */,
				1A038E29226B047D00A42CA2 /* LaunchScreen.storyboard */,
				1A038E2C226B047D00A42CA2 /* Info.plist */,
			);
			name = "Supporting Files";
			sourceTree = "<group>";
		};
		1A038E36226B05A800A42CA2 /* Models */ = {
			isa = PBXGroup;
			children = (
			);
			path = Models;
			sourceTree = "<group>";
		};
		1A038E37226B05D000A42CA2 /* Views */ = {
			isa = PBXGroup;
			children = (
			);
			path = Views;
			sourceTree = "<group>";
		};
		1A038E38226B05DC00A42CA2 /* Controllers */ = {
			isa = PBXGroup;
			children = (
				1A038E42226B096B00A42CA2 /* RKBookListViewController.h */,
				1A038E43226B096B00A42CA2 /* RKBookListViewController.m */,
			);
			path = Controllers;
			sourceTree = "<group>";
		};
		1A038E39226B05E700A42CA2 /* Utills */ = {
			isa = PBXGroup;
			children = (
			);
			path = Utills;
			sourceTree = "<group>";
		};
		1A038E3A226B061E00A42CA2 /* Base */ = {
			isa = PBXGroup;
			children = (
				1A038E3B226B064D00A42CA2 /* RKNavigationController.h */,
				1A038E3C226B064D00A42CA2 /* RKNavigationController.m */,
				1A038E3E226B06B300A42CA2 /* RKViewController.h */,
				1A038E3F226B06B300A42CA2 /* RKViewController.m */,
			);
			path = Base;
			sourceTree = "<group>";
		};
		74B4C7E47940AF72C9AF4A70 /* Frameworks */ = {
			isa = PBXGroup;
			children = (
				98365BC159F8701AF5891D85 /* libPods-Reader.a */,
			);
			name = Frameworks;
			sourceTree = "<group>";
		};
		E6DFC3EE4A4B8AF492CD0524 /* Pods */ = {
			isa = PBXGroup;
			children = (
				CEBBFC15CB9DD9F7F62BD7CF /* Pods-Reader.debug.xcconfig */,
				33A1B59BBA1219AE69AF7F54 /* Pods-Reader.release.xcconfig */,
			);
			name = Pods;
			sourceTree = "<group>";
		};
/* End PBXGroup section */

/* Begin PBXNativeTarget section */
		1A038E1A226B047C00A42CA2 /* Reader */ = {
			isa = PBXNativeTarget;
			buildConfigurationList = 1A038E31226B047D00A42CA2 /* Build configuration list for PBXNativeTarget "Reader" */;
			buildPhases = (
				F76B27A7772B46E01ACAA649 /* [CP] Check Pods Manifest.lock */,
				1A038E17226B047C00A42CA2 /* Sources */,
				1A038E18226B047C00A42CA2 /* Frameworks */,
				1A038E19226B047C00A42CA2 /* Resources */,
				2205519561D284DA74D247C5 /* [CP] Copy Pods Resources */,
			);
			buildRules = (
			);
			dependencies = (
			);
			name = Reader;
			productName = Reader;
			productReference = 1A038E1B226B047C00A42CA2 /* Reader.app */;
			productType = "com.apple.product-type.application";
		};
/* End PBXNativeTarget section */

/* Begin PBXProject section */
		1A038E13226B047C00A42CA2 /* Project object */ = {
			isa = PBXProject;
			attributes = {
				CLASSPREFIX = RK;
				LastUpgradeCheck = 1010;
				ORGANIZATIONNAME = RZK;
				TargetAttributes = {
					1A038E1A226B047C00A42CA2 = {
						CreatedOnToolsVersion = 10.1;
					};
				};
			};
			buildConfigurationList = 1A038E16226B047C00A42CA2 /* Build configuration list for PBXProject "Reader" */;
			compatibilityVersion = "Xcode 9.3";
			developmentRegion = en;
			hasScannedForEncodings = 0;
			knownRegions = (
				en,
				Base,
			);
			mainGroup = 1A038E12226B047C00A42CA2;
			productRefGroup = 1A038E1C226B047C00A42CA2 /* Products */;
			projectDirPath = "";
			projectRoot = "";
			targets = (
				1A038E1A226B047C00A42CA2 /* Reader */,
			);
		};
/* End PBXProject section */

/* Begin PBXResourcesBuildPhase section */
		1A038E19226B047C00A42CA2 /* Resources */ = {
			isa = PBXResourcesBuildPhase;
			buildActionMask = 2147483647;
			files = (
				1A038E2B226B047D00A42CA2 /* LaunchScreen.storyboard in Resources */,
				1A038E28226B047D00A42CA2 /* Assets.xcassets in Resources */,
			);
			runOnlyForDeploymentPostprocessing = 0;
		};
/* End PBXResourcesBuildPhase section */

/* Begin PBXShellScriptBuildPhase section */
		2205519561D284DA74D247C5 /* [CP] Copy Pods Resources */ = {
			isa = PBXShellScriptBuildPhase;
			buildActionMask = 2147483647;
			files = (
			);
			inputPaths = (
				"${SRCROOT}/Pods/Target Support Files/Pods-Reader/Pods-Reader-resources.sh",
				"${PODS_ROOT}/GCDWebServer/GCDWebUploader/GCDWebUploader.bundle",
			);
			name = "[CP] Copy Pods Resources";
			outputPaths = (
				"${TARGET_BUILD_DIR}/${UNLOCALIZED_RESOURCES_FOLDER_PATH}/GCDWebUploader.bundle",
			);
			runOnlyForDeploymentPostprocessing = 0;
			shellPath = /bin/sh;
			shellScript = "\"${SRCROOT}/Pods/Target Support Files/Pods-Reader/Pods-Reader-resources.sh\"\n";
			showEnvVarsInLog = 0;
		};
		F76B27A7772B46E01ACAA649 /* [CP] Check Pods Manifest.lock */ = {
			isa = PBXShellScriptBuildPhase;
			buildActionMask = 2147483647;
			files = (
			);
			inputPaths = (
				"${PODS_PODFILE_DIR_PATH}/Podfile.lock",
				"${PODS_ROOT}/Manifest.lock",
			);
			name = "[CP] Check Pods Manifest.lock";
			outputPaths = (
				"$(DERIVED_FILE_DIR)/Pods-Reader-checkManifestLockResult.txt",
			);
			runOnlyForDeploymentPostprocessing = 0;
			shellPath = /bin/sh;
			shellScript = "diff \"${PODS_PODFILE_DIR_PATH}/Podfile.lock\" \"${PODS_ROOT}/Manifest.lock\" > /dev/null\nif [ $? != 0 ] ; then\n    # print error to STDERR\n    echo \"error: The sandbox is not in sync with the Podfile.lock. Run 'pod install' or update your CocoaPods installation.\" >&2\n    exit 1\nfi\n# This output is used by Xcode 'outputs' to avoid re-running this script phase.\necho \"SUCCESS\" > \"${SCRIPT_OUTPUT_FILE_0}\"\n";
			showEnvVarsInLog = 0;
		};
/* End PBXShellScriptBuildPhase section */

/* Begin PBXSourcesBuildPhase section */
		1A038E17226B047C00A42CA2 /* Sources */ = {
			isa = PBXSourcesBuildPhase;
			buildActionMask = 2147483647;
			files = (
				1A038E44226B096B00A42CA2 /* RKBookListViewController.m in Sources */,
				1A038E40226B06B300A42CA2 /* RKViewController.m in Sources */,
				1A038E3D226B064D00A42CA2 /* RKNavigationController.m in Sources */,
				1A038E2E226B047D00A42CA2 /* main.m in Sources */,
				1A038E20226B047C00A42CA2 /* AppDelegate.m in Sources */,
			);
			runOnlyForDeploymentPostprocessing = 0;
		};
/* End PBXSourcesBuildPhase section */

/* Begin PBXVariantGroup section */
		1A038E29226B047D00A42CA2 /* LaunchScreen.storyboard */ = {
			isa = PBXVariantGroup;
			children = (
				1A038E2A226B047D00A42CA2 /* Base */,
			);
			name = LaunchScreen.storyboard;
			sourceTree = "<group>";
		};
/* End PBXVariantGroup section */

/* Begin XCBuildConfiguration section */
		1A038E2F226B047D00A42CA2 /* Debug */ = {
			isa = XCBuildConfiguration;
			buildSettings = {
				ALWAYS_SEARCH_USER_PATHS = NO;
				CLANG_ANALYZER_NONNULL = YES;
				CLANG_ANALYZER_NUMBER_OBJECT_CONVERSION = YES_AGGRESSIVE;
				CLANG_CXX_LANGUAGE_STANDARD = "gnu++14";
				CLANG_CXX_LIBRARY = "libc++";
				CLANG_ENABLE_MODULES = YES;
				CLANG_ENABLE_OBJC_ARC = YES;
				CLANG_ENABLE_OBJC_WEAK = YES;
				CLANG_WARN_BLOCK_CAPTURE_AUTORELEASING = YES;
				CLANG_WARN_BOOL_CONVERSION = YES;
				CLANG_WARN_COMMA = YES;
				CLANG_WARN_CONSTANT_CONVERSION = YES;
				CLANG_WARN_DEPRECATED_OBJC_IMPLEMENTATIONS = YES;
				CLANG_WARN_DIRECT_OBJC_ISA_USAGE = YES_ERROR;
				CLANG_WARN_DOCUMENTATION_COMMENTS = YES;
				CLANG_WARN_EMPTY_BODY = YES;
				CLANG_WARN_ENUM_CONVERSION = YES;
				CLANG_WARN_INFINITE_RECURSION = YES;
				CLANG_WARN_INT_CONVERSION = YES;
				CLANG_WARN_NON_LITERAL_NULL_CONVERSION = YES;
				CLANG_WARN_OBJC_IMPLICIT_RETAIN_SELF = YES;
				CLANG_WARN_OBJC_LITERAL_CONVERSION = YES;
				CLANG_WARN_OBJC_ROOT_CLASS = YES_ERROR;
				CLANG_WARN_RANGE_LOOP_ANALYSIS = YES;
				CLANG_WARN_STRICT_PROTOTYPES = YES;
				CLANG_WARN_SUSPICIOUS_MOVE = YES;
				CLANG_WARN_UNGUARDED_AVAILABILITY = YES_AGGRESSIVE;
				CLANG_WARN_UNREACHABLE_CODE = YES;
				CLANG_WARN__DUPLICATE_METHOD_MATCH = YES;
				CODE_SIGN_IDENTITY = "iPhone Developer";
				COPY_PHASE_STRIP = NO;
				DEBUG_INFORMATION_FORMAT = dwarf;
				ENABLE_STRICT_OBJC_MSGSEND = YES;
				ENABLE_TESTABILITY = YES;
				GCC_C_LANGUAGE_STANDARD = gnu11;
				GCC_DYNAMIC_NO_PIC = NO;
				GCC_NO_COMMON_BLOCKS = YES;
				GCC_OPTIMIZATION_LEVEL = 0;
				GCC_PREPROCESSOR_DEFINITIONS = (
					"DEBUG=1",
					"$(inherited)",
				);
				GCC_WARN_64_TO_32_BIT_CONVERSION = YES;
				GCC_WARN_ABOUT_RETURN_TYPE = YES_ERROR;
				GCC_WARN_UNDECLARED_SELECTOR = YES;
				GCC_WARN_UNINITIALIZED_AUTOS = YES_AGGRESSIVE;
				GCC_WARN_UNUSED_FUNCTION = YES;
				GCC_WARN_UNUSED_VARIABLE = YES;
				IPHONEOS_DEPLOYMENT_TARGET = 12.1;
				MTL_ENABLE_DEBUG_INFO = INCLUDE_SOURCE;
				MTL_FAST_MATH = YES;
				ONLY_ACTIVE_ARCH = YES;
				SDKROOT = iphoneos;
			};
			name = Debug;
		};
		1A038E30226B047D00A42CA2 /* Release */ = {
			isa = XCBuildConfiguration;
			buildSettings = {
				ALWAYS_SEARCH_USER_PATHS = NO;
				CLANG_ANALYZER_NONNULL = YES;
				CLANG_ANALYZER_NUMBER_OBJECT_CONVERSION = YES_AGGRESSIVE;
				CLANG_CXX_LANGUAGE_STANDARD = "gnu++14";
				CLANG_CXX_LIBRARY = "libc++";
				CLANG_ENABLE_MODULES = YES;
				CLANG_ENABLE_OBJC_ARC = YES;
				CLANG_ENABLE_OBJC_WEAK = YES;
				CLANG_WARN_BLOCK_CAPTURE_AUTORELEASING = YES;
				CLANG_WARN_BOOL_CONVERSION = YES;
				CLANG_WARN_COMMA = YES;
				CLANG_WARN_CONSTANT_CONVERSION = YES;
				CLANG_WARN_DEPRECATED_OBJC_IMPLEMENTATIONS = YES;
				CLANG_WARN_DIRECT_OBJC_ISA_USAGE = YES_ERROR;
				CLANG_WARN_DOCUMENTATION_COMMENTS = YES;
				CLANG_WARN_EMPTY_BODY = YES;
				CLANG_WARN_ENUM_CONVERSION = YES;
				CLANG_WARN_INFINITE_RECURSION = YES;
				CLANG_WARN_INT_CONVERSION = YES;
				CLANG_WARN_NON_LITERAL_NULL_CONVERSION = YES;
				CLANG_WARN_OBJC_IMPLICIT_RETAIN_SELF = YES;
				CLANG_WARN_OBJC_LITERAL_CONVERSION = YES;
				CLANG_WARN_OBJC_ROOT_CLASS = YES_ERROR;
				CLANG_WARN_RANGE_LOOP_ANALYSIS = YES;
				CLANG_WARN_STRICT_PROTOTYPES = YES;
				CLANG_WARN_SUSPICIOUS_MOVE = YES;
				CLANG_WARN_UNGUARDED_AVAILABILITY = YES_AGGRESSIVE;
				CLANG_WARN_UNREACHABLE_CODE = YES;
				CLANG_WARN__DUPLICATE_METHOD_MATCH = YES;
				CODE_SIGN_IDENTITY = "iPhone Developer";
				COPY_PHASE_STRIP = NO;
				DEBUG_INFORMATION_FORMAT = "dwarf-with-dsym";
				ENABLE_NS_ASSERTIONS = NO;
				ENABLE_STRICT_OBJC_MSGSEND = YES;
				GCC_C_LANGUAGE_STANDARD = gnu11;
				GCC_NO_COMMON_BLOCKS = YES;
				GCC_WARN_64_TO_32_BIT_CONVERSION = YES;
				GCC_WARN_ABOUT_RETURN_TYPE = YES_ERROR;
				GCC_WARN_UNDECLARED_SELECTOR = YES;
				GCC_WARN_UNINITIALIZED_AUTOS = YES_AGGRESSIVE;
				GCC_WARN_UNUSED_FUNCTION = YES;
				GCC_WARN_UNUSED_VARIABLE = YES;
				IPHONEOS_DEPLOYMENT_TARGET = 12.1;
				MTL_ENABLE_DEBUG_INFO = NO;
				MTL_FAST_MATH = YES;
				SDKROOT = iphoneos;
				VALIDATE_PRODUCT = YES;
			};
			name = Release;
		};
		1A038E32226B047D00A42CA2 /* Debug */ = {
			isa = XCBuildConfiguration;
			baseConfigurationReference = CEBBFC15CB9DD9F7F62BD7CF /* Pods-Reader.debug.xcconfig */;
			buildSettings = {
				ASSETCATALOG_COMPILER_APPICON_NAME = AppIcon;
				CODE_SIGN_STYLE = Automatic;
				DEVELOPMENT_TEAM = 2MC8B96QW9;
				GCC_PREFIX_HEADER = "$(PROJECT_NAME)/PrefixHeader.pch";
				INFOPLIST_FILE = Reader/Info.plist;
				LD_RUNPATH_SEARCH_PATHS = (
					"$(inherited)",
					"@executable_path/Frameworks",
				);
				PRODUCT_BUNDLE_IDENTIFIER = microsoft.Reader;
				PRODUCT_NAME = "$(TARGET_NAME)";
				TARGETED_DEVICE_FAMILY = "1,2";
			};
			name = Debug;
		};
		1A038E33226B047D00A42CA2 /* Release */ = {
			isa = XCBuildConfiguration;
			baseConfigurationReference = 33A1B59BBA1219AE69AF7F54 /* Pods-Reader.release.xcconfig */;
			buildSettings = {
				ASSETCATALOG_COMPILER_APPICON_NAME = AppIcon;
				CODE_SIGN_STYLE = Automatic;
				DEVELOPMENT_TEAM = 2MC8B96QW9;
				GCC_PREFIX_HEADER = "$(PROJECT_NAME)/PrefixHeader.pch";
				INFOPLIST_FILE = Reader/Info.plist;
				LD_RUNPATH_SEARCH_PATHS = (
					"$(inherited)",
					"@executable_path/Frameworks",
				);
				PRODUCT_BUNDLE_IDENTIFIER = microsoft.Reader;
				PRODUCT_NAME = "$(TARGET_NAME)";
				TARGETED_DEVICE_FAMILY = "1,2";
			};
			name = Release;
		};
/* End XCBuildConfiguration section */

/* Begin XCConfigurationList section */
		1A038E16226B047C00A42CA2 /* Build configuration list for PBXProject "Reader" */ = {
			isa = XCConfigurationList;
			buildConfigurations = (
				1A038E2F226B047D00A42CA2 /* Debug */,
				1A038E30226B047D00A42CA2 /* Release */,
			);
			defaultConfigurationIsVisible = 0;
			defaultConfigurationName = Release;
		};
		1A038E31226B047D00A42CA2 /* Build configuration list for PBXNativeTarget "Reader" */ = {
			isa = XCConfigurationList;
			buildConfigurations = (
				1A038E32226B047D00A42CA2 /* Debug */,
				1A038E33226B047D00A42CA2 /* Release */,
			);
			defaultConfigurationIsVisible = 0;
			defaultConfigurationName = Release;
		};
/* End XCConfigurationList section */
	};
	rootObject = 1A038E13226B047C00A42CA2 /* Project object */;
}
